
Microsoft Visual Studio Solution File, Format Version 12.00
# Visual Studio Version 17
VisualStudioVersion = 17.1.32210.238
MinimumVisualStudioVersion = 10.0.40219.1
Project("{FAE04EC0-301F-11D3-BF4B-00C04F79EFBC}") = "PrimeNumbers", "PrimeNumbers\PrimeNumbers.csproj", "{11159837-886C-4373-AF18-3914D0087B74}"
EndProject
Global
	GlobalSection(SolutionConfigurationPlatforms) = preSolution
		Debug|Any CPU = Debug|Any CPU
		Release|Any CPU = Release|Any CPU
	EndGlobalSection
	GlobalSection(ProjectConfigurationPlatforms) = postSolution
		{11159837-886C-4373-AF18-3914D0087B74}.Debug|Any CPU.ActiveCfg = Debug|Any CPU
		{11159837-886C-4373-AF18-3914D0087B74}.Debug|Any CPU.Build.0 = Debug|Any CPU
		{11159837-886C-4373-AF18-3914D0087B74}.Release|Any CPU.ActiveCfg = Release|Any CPU
		{11159837-886C-4373-AF18-3914D0087B74}.Release|Any CPU.Build.0 = Release|Any CPU
	EndGlobalSection
	GlobalSection(SolutionProperties) = preSolution
		HideSolutionNode = FALSE
	EndGlobalSection
	GlobalSection(ExtensibilityGlobals) = postSolution
		SolutionGuid = {F4AB89B5-69BC-471D-97F0-A0E0065B9BB6}
	EndGlobalSection
EndGlobal
